# THIS IS AN AUTOGENERATED FILE. DO NOT EDIT THIS FILE DIRECTLY.
# yarn lockfile v1


"@hono/node-server@^1.14.2":
  version "1.19.14"
  resolved "https://registry.yarnpkg.com/@hono/node-server/-/node-server-1.19.14.tgz#e30f844bc77e3ce7be442aac3b1f73ad8b58d181"
  integrity sha512-GwtvgtXxnWsucXvbQXkRgqksiH2Qed37H9xHZocE5sA3N8O8O8/8FA3uclQXxXVzc9XBZuEOMK7+r02FmSpHtw==

hono@^4.7.10:
  version "4.12.29"
  resolved "https://registry.yarnpkg.com/hono/-/hono-4.12.29.tgz#55418a76531dd26df0f3103533f4acd69e356787"
  integrity sha512-1hNiRjawYrLq/4m3DQQjPGFg0VZkk4RjQJDff/excI6Dm9BiL75qxGrd7/c6YOxPdq6AscP3LiXhQ6fKFC1Waw==
